
Microsoft Visual Studio Solution File, Format Version 12.00
# Visual Studio Version 17
VisualStudioVersion = 17.0.31903.59
MinimumVisualStudioVersion = 10.0.40219.1
Project("{9A19103F-16F7-4668-BE54-9A1E7A4F7556}") = "OrderServiceAPI", "OrderServiceAPI\OrderServiceAPI.csproj", "{69FF0569-E687-4A12-990D-7FE39B9C7837}"
EndProject
Project("{FAE04EC0-301F-11D3-BF4B-00C04F79EFBC}") = "Model", "Model\Model.csproj", "{1816A5EF-BB01-4F4F-9B35-8E37D215464D}"
EndProject
Global
	GlobalSection(SolutionConfigurationPlatforms) = preSolution
		Debug|Any CPU = Debug|Any CPU
		Release|Any CPU = Release|Any CPU
	EndGlobalSection
	GlobalSection(ProjectConfigurationPlatforms) = postSolution
		{69FF0569-E687-4A12-990D-7FE39B9C7837}.Debug|Any CPU.ActiveCfg = Debug|Any CPU
		{69FF0569-E687-4A12-990D-7FE39B9C7837}.Debug|Any CPU.Build.0 = Debug|Any CPU
		{69FF0569-E687-4A12-990D-7FE39B9C7837}.Release|Any CPU.ActiveCfg = Release|Any CPU
		{69FF0569-E687-4A12-990D-7FE39B9C7837}.Release|Any CPU.Build.0 = Release|Any CPU
		{1816A5EF-BB01-4F4F-9B35-8E37D215464D}.Debug|Any CPU.ActiveCfg = Debug|Any CPU
		{1816A5EF-BB01-4F4F-9B35-8E37D215464D}.Debug|Any CPU.Build.0 = Debug|Any CPU
		{1816A5EF-BB01-4F4F-9B35-8E37D215464D}.Release|Any CPU.ActiveCfg = Release|Any CPU
		{1816A5EF-BB01-4F4F-9B35-8E37D215464D}.Release|Any CPU.Build.0 = Release|Any CPU
	EndGlobalSection
	GlobalSection(SolutionProperties) = preSolution
		HideSolutionNode = FALSE
	EndGlobalSection
	GlobalSection(ExtensibilityGlobals) = postSolution
		SolutionGuid = {7C07300C-7EBB-4E0E-8146-6D158BEEF5C2}
	EndGlobalSection
EndGlobal
